
Microsoft Visual Studio Solution File, Format Version 12.00
# Visual Studio 15
VisualStudioVersion = 15.0.26730.16
MinimumVisualStudioVersion = 10.0.40219.1
Project("{9A19103F-16F7-4668-BE54-9A1E7A4F7556}") = "AVS.NET", "AVS.NET\AVS.NET.csproj", "{20BF2A12-6ED8-41E4-9EB3-0FD4753FF4C0}"
EndProject
Project("{FAE04EC0-301F-11D3-BF4B-00C04F79EFBC}") = "AVS.WebServer", "AVS.WebServer\AVS.WebServer.csproj", "{18A88CB3-446C-4E07-BC13-47DA42D2ACC2}"
EndProject
Project("{FAE04EC0-301F-11D3-BF4B-00C04F79EFBC}") = "AVS.UnitTest", "AVS.UnitTest\AVS.UnitTest.csproj", "{FBD0DCDF-8511-4876-8BF0-6C04D40D6CFC}"
EndProject
Global
	GlobalSection(SolutionConfigurationPlatforms) = preSolution
		Debug|Any CPU = Debug|Any CPU
		Release|Any CPU = Release|Any CPU
	EndGlobalSection
	GlobalSection(ProjectConfigurationPlatforms) = postSolution
		{20BF2A12-6ED8-41E4-9EB3-0FD4753FF4C0}.Debug|Any CPU.ActiveCfg = Debug|Any CPU
		{20BF2A12-6ED8-41E4-9EB3-0FD4753FF4C0}.Debug|Any CPU.Build.0 = Debug|Any CPU
		{20BF2A12-6ED8-41E4-9EB3-0FD4753FF4C0}.Release|Any CPU.ActiveCfg = Release|Any CPU
		{20BF2A12-6ED8-41E4-9EB3-0FD4753FF4C0}.Release|Any CPU.Build.0 = Release|Any CPU
		{18A88CB3-446C-4E07-BC13-47DA42D2ACC2}.Debug|Any CPU.ActiveCfg = Debug|Any CPU
		{18A88CB3-446C-4E07-BC13-47DA42D2ACC2}.Debug|Any CPU.Build.0 = Debug|Any CPU
		{18A88CB3-446C-4E07-BC13-47DA42D2ACC2}.Release|Any CPU.ActiveCfg = Release|Any CPU
		{18A88CB3-446C-4E07-BC13-47DA42D2ACC2}.Release|Any CPU.Build.0 = Release|Any CPU
		{FBD0DCDF-8511-4876-8BF0-6C04D40D6CFC}.Debug|Any CPU.ActiveCfg = Debug|Any CPU
		{FBD0DCDF-8511-4876-8BF0-6C04D40D6CFC}.Debug|Any CPU.Build.0 = Debug|Any CPU
		{FBD0DCDF-8511-4876-8BF0-6C04D40D6CFC}.Release|Any CPU.ActiveCfg = Release|Any CPU
		{FBD0DCDF-8511-4876-8BF0-6C04D40D6CFC}.Release|Any CPU.Build.0 = Release|Any CPU
	EndGlobalSection
	GlobalSection(SolutionProperties) = preSolution
		HideSolutionNode = FALSE
	EndGlobalSection
	GlobalSection(ExtensibilityGlobals) = postSolution
		SolutionGuid = {E5D677C5-0B1F-42DD-903C-70BD214A673B}
	EndGlobalSection
EndGlobal
